// !$*UTF8*$!
{
	archiveVersion = 1;
	classes = {
	};
	objectVersion = 50;
	objects = {

/* Begin PBXBuildFile section */
		186A756D251A2B15009CE14B /* AppDelegate.swift in Sources */ = {isa = PBXBuildFile; fileRef = 186A756C251A2B15009CE14B /* AppDelegate.swift */; };
		186A756F251A2B15009CE14B /* SceneDelegate.swift in Sources */ = {isa = PBXBuildFile; fileRef = 186A756E251A2B15009CE14B /* SceneDelegate.swift */; };
		186A7571251A2B15009CE14B /* ViewController.swift in Sources */ = {isa = PBXBuildFile; fileRef = 186A7570251A2B15009CE14B /* ViewController.swift */; };
		186A7574251A2B15009CE14B /* Main.storyboard in Resources */ = {isa = PBXBuildFile; fileRef = 186A7572251A2B15009CE14B /* Main.storyboard */; };
		186A7576251A2B17009CE14B /* Assets.xcassets in Resources */ = {isa = PBXBuildFile; fileRef = 186A7575251A2B17009CE14B /* Assets.xcassets */; };
		186A7579251A2B17009CE14B /* LaunchScreen.storyboard in Resources */ = {isa = PBXBuildFile; fileRef = 186A7577251A2B17009CE14B /* LaunchScreen.storyboard */; };
		186A7584251A2B17009CE14B /* ReviewPlannerTests.swift in Sources */ = {isa = PBXBuildFile; fileRef = 186A7583251A2B17009CE14B /* ReviewPlannerTests.swift */; };
		186A758F251A2B17009CE14B /* ReviewPlannerUITests.swift in Sources */ = {isa = PBXBuildFile; fileRef = 186A758E251A2B17009CE14B /* ReviewPlannerUITests.swift */; };
/* End PBXBuildFile section */

/* Begin PBXContainerItemProxy section */
		186A7580251A2B17009CE14B /* PBXContainerItemProxy */ = {
			isa = PBXContainerItemProxy;
			containerPortal = 186A7561251A2B15009CE14B /* Project object */;
			proxyType = 1;
			remoteGlobalIDString = 186A7568251A2B15009CE14B;
			remoteInfo = ReviewPlanner;
		};
		186A758B251A2B17009CE14B /* PBXContainerItemProxy */ = {
			isa = PBXContainerItemProxy;
			containerPortal = 186A7561251A2B15009CE14B /* Project object */;
			proxyType = 1;
			remoteGlobalIDString = 186A7568251A2B15009CE14B;
			remoteInfo = ReviewPlanner;
		};
/* End PBXContainerItemProxy section */

/* Begin PBXFileReference section */
		186A7569251A2B15009CE14B /* ReviewPlanner.app */ = {isa = PBXFileReference; explicitFileType = wrapper.application; includeInIndex = 0; path = ReviewPlanner.app; sourceTree = BUILT_PRODUCTS_DIR; };
		186A756C251A2B15009CE14B /* AppDelegate.swift */ = {isa = PBXFileReference; lastKnownFileType = sourcecode.swift; path = AppDelegate.swift; sourceTree = "<group>"; };
		186A756E251A2B15009CE14B /* SceneDelegate.swift */ = {isa = PBXFileReference; lastKnownFileType = sourcecode.swift; path = SceneDelegate.swift; sourceTree = "<group>"; };
		186A7570251A2B15009CE14B /* ViewController.swift */ = {isa = PBXFileReference; lastKnownFileType = sourcecode.swift; path = ViewController.swift; sourceTree = "<group>"; };
		186A7573251A2B15009CE14B /* Base */ = {isa = PBXFileReference; lastKnownFileType = file.storyboard; name = Base; path = Base.lproj/Main.storyboard; sourceTree = "<group>"; };
		186A7575251A2B17009CE14B /* Assets.xcassets */ = {isa = PBXFileReference; lastKnownFileType = folder.assetcatalog; path = Assets.xcassets; sourceTree = "<group>"; };
		186A7578251A2B17009CE14B /* Base */ = {isa = PBXFileReference; lastKnownFileType = file.storyboard; name = Base; path = Base.lproj/LaunchScreen.storyboard; sourceTree = "<group>"; };
		186A757A251A2B17009CE14B /* Info.plist */ = {isa = PBXFileReference; lastKnownFileType = text.plist.xml; path = Info.plist; sourceTree = "<group>"; };
		186A757F251A2B17009CE14B /* ReviewPlannerTests.xctest */ = {isa = PBXFileReference; explicitFileType = wrapper.cfbundle; includeInIndex = 0; path = ReviewPlannerTests.xctest; sourceTree = BUILT_PRODUCTS_DIR; };
		186A7583251A2B17009CE14B /* ReviewPlannerTests.swift */ = {isa = PBXFileReference; lastKnownFileType = sourcecode.swift; path = ReviewPlannerTests.swift; sourceTree = "<group>"; };
		186A7585251A2B17009CE14B /* Info.plist */ = {isa = PBXFileReference; lastKnownFileType = text.plist.xml; path = Info.plist; sourceTree = "<group>"; };
		186A758A251A2B17009CE14B /* ReviewPlannerUITests.xctest */ = {isa = PBXFileReference; explicitFileType = wrapper.cfbundle; includeInIndex = 0; path = ReviewPlannerUITests.xctest; sourceTree = BUILT_PRODUCTS_DIR; };
		186A758E251A2B17009CE14B /* ReviewPlannerUITests.swift */ = {isa = PBXFileReference; lastKnownFileType = sourcecode.swift; path = ReviewPlannerUITests.swift; sourceTree = "<group>"; };
		186A7590251A2B17009CE14B /* Info.plist */ = {isa = PBXFileReference; lastKnownFileType = text.plist.xml; path = Info.plist; sourceTree = "<group>"; };
/* End PBXFileReference section */

/* Begin PBXFrameworksBuildPhase section */
		186A7566251A2B15009CE14B /* Frameworks */ = {
			isa = PBXFrameworksBuildPhase;
			buildActionMask = 2147483647;
			files = (
			);
			runOnlyForDeploymentPostprocessing = 0;
		};
		186A757C251A2B17009CE14B /* Frameworks */ = {
			isa = PBXFrameworksBuildPhase;
			buildActionMask = 2147483647;
			files = (
			);
			runOnlyForDeploymentPostprocessing = 0;
		};
		186A7587251A2B17009CE14B /* Frameworks */ = {
			isa = PBXFrameworksBuildPhase;
			buildActionMask = 2147483647;
			files = (
			);
			runOnlyForDeploymentPostprocessing = 0;
		};
/* End PBXFrameworksBuildPhase section */

/* Begin PBXGroup section */
		186A7560251A2B15009CE14B = {
			isa = PBXGroup;
			children = (
				186A756B251A2B15009CE14B /* ReviewPlanner */,
				186A7582251A2B17009CE14B /* ReviewPlannerTests */,
				186A758D251A2B17009CE14B /* ReviewPlannerUITests */,
				186A756A251A2B15009CE14B /* Products */,
			);
			sourceTree = "<group>";
		};
		186A756A251A2B15009CE14B /* Products */ = {
			isa = PBXGroup;
			children = (
				186A7569251A2B15009CE14B /* ReviewPlanner.app */,
				186A757F251A2B17009CE14B /* ReviewPlannerTests.xctest */,
				186A758A251A2B17009CE14B /* ReviewPlannerUITests.xctest */,
			);
			name = Products;
			sourceTree = "<group>";
		};
		186A756B251A2B15009CE14B /* ReviewPlanner */ = {
			isa = PBXGroup;
			children = (
				186A756C251A2B15009CE14B /* AppDelegate.swift */,
				186A756E251A2B15009CE14B /* SceneDelegate.swift */,
				186A7570251A2B15009CE14B /* ViewController.swift */,
				186A7572251A2B15009CE14B /* Main.storyboard */,
				186A7575251A2B17009CE14B /* Assets.xcassets */,
				186A7577251A2B17009CE14B /* LaunchScreen.storyboard */,
				186A757A251A2B17009CE14B /* Info.plist */,
			);
			path = ReviewPlanner;
			sourceTree = "<group>";
		};
		186A7582251A2B17009CE14B /* ReviewPlannerTests */ = {
			isa = PBXGroup;
			children = (
				186A7583251A2B17009CE14B /* ReviewPlannerTests.swift */,
				186A7585251A2B17009CE14B /* Info.plist */,
			);
			path = ReviewPlannerTests;
			sourceTree = "<group>";
		};
		186A758D251A2B17009CE14B /* ReviewPlannerUITests */ = {
			isa = PBXGroup;
			children = (
				186A758E251A2B17009CE14B /* ReviewPlannerUITests.swift */,
				186A7590251A2B17009CE14B /* Info.plist */,
			);
			path = ReviewPlannerUITests;
			sourceTree = "<group>";
		};
/* End PBXGroup section */

/* Begin PBXNativeTarget section */
		186A7568251A2B15009CE14B /* ReviewPlanner */ = {
			isa = PBXNativeTarget;
			buildConfigurationList = 186A7593251A2B17009CE14B /* Build configuration list for PBXNativeTarget "ReviewPlanner" */;
			buildPhases = (
				186A7565251A2B15009CE14B /* Sources */,
				186A7566251A2B15009CE14B /* Frameworks */,
				186A7567251A2B15009CE14B /* Resources */,
			);
			buildRules = (
			);
			dependencies = (
			);
			name = ReviewPlanner;
			productName = ReviewPlanner;
			productReference = 186A7569251A2B15009CE14B /* ReviewPlanner.app */;
			productType = "com.apple.product-type.application";
		};
		186A757E251A2B17009CE14B /* ReviewPlannerTests */ = {
			isa = PBXNativeTarget;
			buildConfigurationList = 186A7596251A2B17009CE14B /* Build configuration list for PBXNativeTarget "ReviewPlannerTests" */;
			buildPhases = (
				186A757B251A2B17009CE14B /* Sources */,
				186A757C251A2B17009CE14B /* Frameworks */,
				186A757D251A2B17009CE14B /* Resources */,
			);
			buildRules = (
			);
			dependencies = (
				186A7581251A2B17009CE14B /* PBXTargetDependency */,
			);
			name = ReviewPlannerTests;
			productName = ReviewPlannerTests;
			productReference = 186A757F251A2B17009CE14B /* ReviewPlannerTests.xctest */;
			productType = "com.apple.product-type.bundle.unit-test";
		};
		186A7589251A2B17009CE14B /* ReviewPlannerUITests */ = {
			isa = PBXNativeTarget;
			buildConfigurationList = 186A7599251A2B17009CE14B /* Build configuration list for PBXNativeTarget "ReviewPlannerUITests" */;
			buildPhases = (
				186A7586251A2B17009CE14B /* Sources */,
				186A7587251A2B17009CE14B /* Frameworks */,
				186A7588251A2B17009CE14B /* Resources */,
			);
			buildRules = (
			);
			dependencies = (
				186A758C251A2B17009CE14B /* PBXTargetDependency */,
			);
			name = ReviewPlannerUITests;
			productName = ReviewPlannerUITests;
			productReference = 186A758A251A2B17009CE14B /* ReviewPlannerUITests.xctest */;
			productType = "com.apple.product-type.bundle.ui-testing";
		};
/* End PBXNativeTarget section */

/* Begin PBXProject section */
		186A7561251A2B15009CE14B /* Project object */ = {
			isa = PBXProject;
			attributes = {
				LastSwiftUpdateCheck = 1200;
				LastUpgradeCheck = 1200;
				TargetAttributes = {
					186A7568251A2B15009CE14B = {
						CreatedOnToolsVersion = 12.0;
					};
					186A757E251A2B17009CE14B = {
						CreatedOnToolsVersion = 12.0;
						TestTargetID = 186A7568251A2B15009CE14B;
					};
					186A7589251A2B17009CE14B = {
						CreatedOnToolsVersion = 12.0;
						TestTargetID = 186A7568251A2B15009CE14B;
					};
				};
			};
			buildConfigurationList = 186A7564251A2B15009CE14B /* Build configuration list for PBXProject "ReviewPlanner" */;
			compatibilityVersion = "Xcode 9.3";
			developmentRegion = en;
			hasScannedForEncodings = 0;
			knownRegions = (
				en,
				Base,
			);
			mainGroup = 186A7560251A2B15009CE14B;
			productRefGroup = 186A756A251A2B15009CE14B /* Products */;
			projectDirPath = "";
			projectRoot = "";
			targets = (
				186A7568251A2B15009CE14B /* ReviewPlanner */,
				186A757E251A2B17009CE14B /* ReviewPlannerTests */,
				186A7589251A2B17009CE14B /* ReviewPlannerUITests */,
			);
		};
/* End PBXProject section */

/* Begin PBXResourcesBuildPhase section */
		186A7567251A2B15009CE14B /* Resources */ = {
			isa = PBXResourcesBuildPhase;
			buildActionMask = 2147483647;
			files = (
				186A7579251A2B17009CE14B /* LaunchScreen.storyboard in Resources */,
				186A7576251A2B17009CE14B /* Assets.xcassets in Resources */,
				186A7574251A2B15009CE14B /* Main.storyboard in Resources */,
			);
			runOnlyForDeploymentPostprocessing = 0;
		};
		186A757D251A2B17009CE14B /* Resources */ = {
			isa = PBXResourcesBuildPhase;
			buildActionMask = 2147483647;
			files = (
			);
			runOnlyForDeploymentPostprocessing = 0;
		};
		186A7588251A2B17009CE14B /* Resources */ = {
			isa = PBXResourcesBuildPhase;
			buildActionMask = 2147483647;
			files = (
			);
			runOnlyForDeploymentPostprocessing = 0;
		};
/* End PBXResourcesBuildPhase section */

/* Begin PBXSourcesBuildPhase section */
		186A7565251A2B15009CE14B /* Sources */ = {
			isa = PBXSourcesBuildPhase;
			buildActionMask = 2147483647;
			files = (
				186A7571251A2B15009CE14B /* ViewController.swift in Sources */,
				186A756D251A2B15009CE14B /* AppDelegate.swift in Sources */,
				186A756F251A2B15009CE14B /* SceneDelegate.swift in Sources */,
			);
			runOnlyForDeploymentPostprocessing = 0;
		};
		186A757B251A2B17009CE14B /* Sources */ = {
			isa = PBXSourcesBuildPhase;
			buildActionMask = 2147483647;
			files = (
				186A7584251A2B17009CE14B /* ReviewPlannerTests.swift in Sources */,
			);
			runOnlyForDeploymentPostprocessing = 0;
		};
		186A7586251A2B17009CE14B /* Sources */ = {
			isa = PBXSourcesBuildPhase;
			buildActionMask = 2147483647;
			files = (
				186A758F251A2B17009CE14B /* ReviewPlannerUITests.swift in Sources */,
			);
			runOnlyForDeploymentPostprocessing = 0;
		};
/* End PBXSourcesBuildPhase section */

/* Begin PBXTargetDependency section */
		186A7581251A2B17009CE14B /* PBXTargetDependency */ = {
			isa = PBXTargetDependency;
			target = 186A7568251A2B15009CE14B /* ReviewPlanner */;
			targetProxy = 186A7580251A2B17009CE14B /* PBXContainerItemProxy */;
		};
		186A758C251A2B17009CE14B /* PBXTargetDependency */ = {
			isa = PBXTargetDependency;
			target = 186A7568251A2B15009CE14B /* ReviewPlanner */;
			targetProxy = 186A758B251A2B17009CE14B /* PBXContainerItemProxy */;
		};
/* End PBXTargetDependency section */

/* Begin PBXVariantGroup section */
		186A7572251A2B15009CE14B /* Main.storyboard */ = {
			isa = PBXVariantGroup;
			children = (
				186A7573251A2B15009CE14B /* Base */,
			);
			name = Main.storyboard;
			sourceTree = "<group>";
		};
		186A7577251A2B17009CE14B /* LaunchScreen.storyboard */ = {
			isa = PBXVariantGroup;
			children = (
				186A7578251A2B17009CE14B /* Base */,
			);
			name = LaunchScreen.storyboard;
			sourceTree = "<group>";
		};
/* End PBXVariantGroup section */

/* Begin XCBuildConfiguration section */
		186A7591251A2B17009CE14B /* Debug */ = {
			isa = XCBuildConfiguration;
			buildSettings = {
				ALWAYS_SEARCH_USER_PATHS = NO;
				CLANG_ANALYZER_NONNULL = YES;
				CLANG_ANALYZER_NUMBER_OBJECT_CONVERSION = YES_AGGRESSIVE;
				CLANG_CXX_LANGUAGE_STANDARD = "gnu++14";
				CLANG_CXX_LIBRARY = "libc++";
				CLANG_ENABLE_MODULES = YES;
				CLANG_ENABLE_OBJC_ARC = YES;
				CLANG_ENABLE_OBJC_WEAK = YES;
				CLANG_WARN_BLOCK_CAPTURE_AUTORELEASING = YES;
				CLANG_WARN_BOOL_CONVERSION = YES;
				CLANG_WARN_COMMA = YES;
				CLANG_WARN_CONSTANT_CONVERSION = YES;
				CLANG_WARN_DEPRECATED_OBJC_IMPLEMENTATIONS = YES;
				CLANG_WARN_DIRECT_OBJC_ISA_USAGE = YES_ERROR;
				CLANG_WARN_DOCUMENTATION_COMMENTS = YES;
				CLANG_WARN_EMPTY_BODY = YES;
				CLANG_WARN_ENUM_CONVERSION = YES;
				CLANG_WARN_INFINITE_RECURSION = YES;
				CLANG_WARN_INT_CONVERSION = YES;
				CLANG_WARN_NON_LITERAL_NULL_CONVERSION = YES;
				CLANG_WARN_OBJC_IMPLICIT_RETAIN_SELF = YES;
				CLANG_WARN_OBJC_LITERAL_CONVERSION = YES;
				CLANG_WARN_OBJC_ROOT_CLASS = YES_ERROR;
				CLANG_WARN_QUOTED_INCLUDE_IN_FRAMEWORK_HEADER = YES;
				CLANG_WARN_RANGE_LOOP_ANALYSIS = YES;
				CLANG_WARN_STRICT_PROTOTYPES = YES;
				CLANG_WARN_SUSPICIOUS_MOVE = YES;
				CLANG_WARN_UNGUARDED_AVAILABILITY = YES_AGGRESSIVE;
				CLANG_WARN_UNREACHABLE_CODE = YES;
				CLANG_WARN__DUPLICATE_METHOD_MATCH = YES;
				COPY_PHASE_STRIP = NO;
				DEBUG_INFORMATION_FORMAT = dwarf;
				ENABLE_STRICT_OBJC_MSGSEND = YES;
				ENABLE_TESTABILITY = YES;
				GCC_C_LANGUAGE_STANDARD = gnu11;
				GCC_DYNAMIC_NO_PIC = NO;
				GCC_NO_COMMON_BLOCKS = YES;
				GCC_OPTIMIZATION_LEVEL = 0;
				GCC_PREPROCESSOR_DEFINITIONS = (
					"DEBUG=1",
					"$(inherited)",
				);
				GCC_WARN_64_TO_32_BIT_CONVERSION = YES;
				GCC_WARN_ABOUT_RETURN_TYPE = YES_ERROR;
				GCC_WARN_UNDECLARED_SELECTOR = YES;
				GCC_WARN_UNINITIALIZED_AUTOS = YES_AGGRESSIVE;
				GCC_WARN_UNUSED_FUNCTION = YES;
				GCC_WARN_UNUSED_VARIABLE = YES;
				IPHONEOS_DEPLOYMENT_TARGET = 14.0;
				MTL_ENABLE_DEBUG_INFO = INCLUDE_SOURCE;
				MTL_FAST_MATH = YES;
				ONLY_ACTIVE_ARCH = YES;
				SDKROOT = iphoneos;
				SWIFT_ACTIVE_COMPILATION_CONDITIONS = DEBUG;
				SWIFT_OPTIMIZATION_LEVEL = "-Onone";
			};
			name = Debug;
		};
		186A7592251A2B17009CE14B /* Release */ = {
			isa = XCBuildConfiguration;
			buildSettings = {
				ALWAYS_SEARCH_USER_PATHS = NO;
				CLANG_ANALYZER_NONNULL = YES;
				CLANG_ANALYZER_NUMBER_OBJECT_CONVERSION = YES_AGGRESSIVE;
				CLANG_CXX_LANGUAGE_STANDARD = "gnu++14";
				CLANG_CXX_LIBRARY = "libc++";
				CLANG_ENABLE_MODULES = YES;
				CLANG_ENABLE_OBJC_ARC = YES;
				CLANG_ENABLE_OBJC_WEAK = YES;
				CLANG_WARN_BLOCK_CAPTURE_AUTORELEASING = YES;
				CLANG_WARN_BOOL_CONVERSION = YES;
				CLANG_WARN_COMMA = YES;
				CLANG_WARN_CONSTANT_CONVERSION = YES;
				CLANG_WARN_DEPRECATED_OBJC_IMPLEMENTATIONS = YES;
				CLANG_WARN_DIRECT_OBJC_ISA_USAGE = YES_ERROR;
				CLANG_WARN_DOCUMENTATION_COMMENTS = YES;
				CLANG_WARN_EMPTY_BODY = YES;
				CLANG_WARN_ENUM_CONVERSION = YES;
				CLANG_WARN_INFINITE_RECURSION = YES;
				CLANG_WARN_INT_CONVERSION = YES;
				CLANG_WARN_NON_LITERAL_NULL_CONVERSION = YES;
				CLANG_WARN_OBJC_IMPLICIT_RETAIN_SELF = YES;
				CLANG_WARN_OBJC_LITERAL_CONVERSION = YES;
				CLANG_WARN_OBJC_ROOT_CLASS = YES_ERROR;
				CLANG_WARN_QUOTED_INCLUDE_IN_FRAMEWORK_HEADER = YES;
				CLANG_WARN_RANGE_LOOP_ANALYSIS = YES;
				CLANG_WARN_STRICT_PROTOTYPES = YES;
				CLANG_WARN_SUSPICIOUS_MOVE = YES;
				CLANG_WARN_UNGUARDED_AVAILABILITY = YES_AGGRESSIVE;
				CLANG_WARN_UNREACHABLE_CODE = YES;
				CLANG_WARN__DUPLICATE_METHOD_MATCH = YES;
				COPY_PHASE_STRIP = NO;
				DEBUG_INFORMATION_FORMAT = "dwarf-with-dsym";
				ENABLE_NS_ASSERTIONS = NO;
				ENABLE_STRICT_OBJC_MSGSEND = YES;
				GCC_C_LANGUAGE_STANDARD = gnu11;
				GCC_NO_COMMON_BLOCKS = YES;
				GCC_WARN_64_TO_32_BIT_CONVERSION = YES;
				GCC_WARN_ABOUT_RETURN_TYPE = YES_ERROR;
				GCC_WARN_UNDECLARED_SELECTOR = YES;
				GCC_WARN_UNINITIALIZED_AUTOS = YES_AGGRESSIVE;
				GCC_WARN_UNUSED_FUNCTION = YES;
				GCC_WARN_UNUSED_VARIABLE = YES;
				IPHONEOS_DEPLOYMENT_TARGET = 14.0;
				MTL_ENABLE_DEBUG_INFO = NO;
				MTL_FAST_MATH = YES;
				SDKROOT = iphoneos;
				SWIFT_COMPILATION_MODE = wholemodule;
				SWIFT_OPTIMIZATION_LEVEL = "-O";
				VALIDATE_PRODUCT = YES;
			};
			name = Release;
		};
		186A7594251A2B17009CE14B /* Debug */ = {
			isa = XCBuildConfiguration;
			buildSettings = {
				ASSETCATALOG_COMPILER_APPICON_NAME = AppIcon;
				ASSETCATALOG_COMPILER_GLOBAL_ACCENT_COLOR_NAME = AccentColor;
				CODE_SIGN_STYLE = Automatic;
				DEVELOPMENT_TEAM = 9C2LX4Q2R4;
				INFOPLIST_FILE = ReviewPlanner/Info.plist;
				LD_RUNPATH_SEARCH_PATHS = (
					"$(inherited)",
					"@executable_path/Frameworks",
				);
				PRODUCT_BUNDLE_IDENTIFIER = Y.ReviewPlanner;
				PRODUCT_NAME = "$(TARGET_NAME)";
				SWIFT_VERSION = 5.0;
				TARGETED_DEVICE_FAMILY = "1,2";
			};
			name = Debug;
		};
		186A7595251A2B17009CE14B /* Release */ = {
			isa = XCBuildConfiguration;
			buildSettings = {
				ASSETCATALOG_COMPILER_APPICON_NAME = AppIcon;
				ASSETCATALOG_COMPILER_GLOBAL_ACCENT_COLOR_NAME = AccentColor;
				CODE_SIGN_STYLE = Automatic;
				DEVELOPMENT_TEAM = 9C2LX4Q2R4;
				INFOPLIST_FILE = ReviewPlanner/Info.plist;
				LD_RUNPATH_SEARCH_PATHS = (
					"$(inherited)",
					"@executable_path/Frameworks",
				);
				PRODUCT_BUNDLE_IDENTIFIER = Y.ReviewPlanner;
				PRODUCT_NAME = "$(TARGET_NAME)";
				SWIFT_VERSION = 5.0;
				TARGETED_DEVICE_FAMILY = "1,2";
			};
			name = Release;
		};
		186A7597251A2B17009CE14B /* Debug */ = {
			isa = XCBuildConfiguration;
			buildSettings = {
				ALWAYS_EMBED_SWIFT_STANDARD_LIBRARIES = YES;
				BUNDLE_LOADER = "$(TEST_HOST)";
				CODE_SIGN_STYLE = Automatic;
				DEVELOPMENT_TEAM = 9C2LX4Q2R4;
				INFOPLIST_FILE = ReviewPlannerTests/Info.plist;
				IPHONEOS_DEPLOYMENT_TARGET = 14.0;
				LD_RUNPATH_SEARCH_PATHS = (
					"$(inherited)",
					"@executable_path/Frameworks",
					"@loader_path/Frameworks",
				);
				PRODUCT_BUNDLE_IDENTIFIER = Y.ReviewPlannerTests;
				PRODUCT_NAME = "$(TARGET_NAME)";
				SWIFT_VERSION = 5.0;
				TARGETED_DEVICE_FAMILY = "1,2";
				TEST_HOST = "$(BUILT_PRODUCTS_DIR)/ReviewPlanner.app/ReviewPlanner";
			};
			name = Debug;
		};
		186A7598251A2B17009CE14B /* Release */ = {
			isa = XCBuildConfiguration;
			buildSettings = {
				ALWAYS_EMBED_SWIFT_STANDARD_LIBRARIES = YES;
				BUNDLE_LOADER = "$(TEST_HOST)";
				CODE_SIGN_STYLE = Automatic;
				DEVELOPMENT_TEAM = 9C2LX4Q2R4;
				INFOPLIST_FILE = ReviewPlannerTests/Info.plist;
				IPHONEOS_DEPLOYMENT_TARGET = 14.0;
				LD_RUNPATH_SEARCH_PATHS = (
					"$(inherited)",
					"@executable_path/Frameworks",
					"@loader_path/Frameworks",
				);
				PRODUCT_BUNDLE_IDENTIFIER = Y.ReviewPlannerTests;
				PRODUCT_NAME = "$(TARGET_NAME)";
				SWIFT_VERSION = 5.0;
				TARGETED_DEVICE_FAMILY = "1,2";
				TEST_HOST = "$(BUILT_PRODUCTS_DIR)/ReviewPlanner.app/ReviewPlanner";
			};
			name = Release;
		};
		186A759A251A2B17009CE14B /* Debug */ = {
			isa = XCBuildConfiguration;
			buildSettings = {
				ALWAYS_EMBED_SWIFT_STANDARD_LIBRARIES = YES;
				CODE_SIGN_STYLE = Automatic;
				DEVELOPMENT_TEAM = 9C2LX4Q2R4;
				INFOPLIST_FILE = ReviewPlannerUITests/Info.plist;
				LD_RUNPATH_SEARCH_PATHS = (
					"$(inherited)",
					"@executable_path/Frameworks",
					"@loader_path/Frameworks",
				);
				PRODUCT_BUNDLE_IDENTIFIER = Y.ReviewPlannerUITests;
				PRODUCT_NAME = "$(TARGET_NAME)";
				SWIFT_VERSION = 5.0;
				TARGETED_DEVICE_FAMILY = "1,2";
				TEST_TARGET_NAME = ReviewPlanner;
			};
			name = Debug;
		};
		186A759B251A2B17009CE14B /* Release */ = {
			isa = XCBuildConfiguration;
			buildSettings = {
				ALWAYS_EMBED_SWIFT_STANDARD_LIBRARIES = YES;
				CODE_SIGN_STYLE = Automatic;
				DEVELOPMENT_TEAM = 9C2LX4Q2R4;
				INFOPLIST_FILE = ReviewPlannerUITests/Info.plist;
				LD_RUNPATH_SEARCH_PATHS = (
					"$(inherited)",
					"@executable_path/Frameworks",
					"@loader_path/Frameworks",
				);
				PRODUCT_BUNDLE_IDENTIFIER = Y.ReviewPlannerUITests;
				PRODUCT_NAME = "$(TARGET_NAME)";
				SWIFT_VERSION = 5.0;
				TARGETED_DEVICE_FAMILY = "1,2";
				TEST_TARGET_NAME = ReviewPlanner;
			};
			name = Release;
		};
/* End XCBuildConfiguration section */

/* Begin XCConfigurationList section */
		186A7564251A2B15009CE14B /* Build configuration list for PBXProject "ReviewPlanner" */ = {
			isa = XCConfigurationList;
			buildConfigurations = (
				186A7591251A2B17009CE14B /* Debug */,
				186A7592251A2B17009CE14B /* Release */,
			);
			defaultConfigurationIsVisible = 0;
			defaultConfigurationName = Release;
		};
		186A7593251A2B17009CE14B /* Build configuration list for PBXNativeTarget "ReviewPlanner" */ = {
			isa = XCConfigurationList;
			buildConfigurations = (
				186A7594251A2B17009CE14B /* Debug */,
				186A7595251A2B17009CE14B /* Release */,
			);
			defaultConfigurationIsVisible = 0;
			defaultConfigurationName = Release;
		};
		186A7596251A2B17009CE14B /* Build configuration list for PBXNativeTarget "ReviewPlannerTests" */ = {
			isa = XCConfigurationList;
			buildConfigurations = (
				186A7597251A2B17009CE14B /* Debug */,
				186A7598251A2B17009CE14B /* Release */,
			);
			defaultConfigurationIsVisible = 0;
			defaultConfigurationName = Release;
		};
		186A7599251A2B17009CE14B /* Build configuration list for PBXNativeTarget "ReviewPlannerUITests" */ = {
			isa = XCConfigurationList;
			buildConfigurations = (
				186A759A251A2B17009CE14B /* Debug */,
				186A759B251A2B17009CE14B /* Release */,
			);
			defaultConfigurationIsVisible = 0;
			defaultConfigurationName = Release;
		};
/* End XCConfigurationList section */
	};
	rootObject = 186A7561251A2B15009CE14B /* Project object */;
}
